
Microsoft Visual Studio Solution File, Format Version 12.00
# Visual Studio 15
VisualStudioVersion = 15.0.27428.2011
MinimumVisualStudioVersion = 10.0.40219.1
Project("{8BC9CEB8-8B4A-11D0-8D11-00A0C91BC942}") = "Ex11-The_Realist", "Ex11-The_Realist\Ex11-The_Realist.vcxproj", "{2D306FE0-32BE-4106-91E1-AA263F468D72}"
EndProject
Global
	GlobalSection(SolutionConfigurationPlatforms) = preSolution
		Debug|x64 = Debug|x64
		Debug|x86 = Debug|x86
		Release|x64 = Release|x64
		Release|x86 = Release|x86
	EndGlobalSection
	GlobalSection(ProjectConfigurationPlatforms) = postSolution
		{2D306FE0-32BE-4106-91E1-AA263F468D72}.Debug|x64.ActiveCfg = Debug|x64
		{2D306FE0-32BE-4106-91E1-AA263F468D72}.Debug|x64.Build.0 = Debug|x64
		{2D306FE0-32BE-4106-91E1-AA263F468D72}.Debug|x86.ActiveCfg = Debug|Win32
		{2D306FE0-32BE-4106-91E1-AA263F468D72}.Debug|x86.Build.0 = Debug|Win32
		{2D306FE0-32BE-4106-91E1-AA263F468D72}.Release|x64.ActiveCfg = Release|x64
		{2D306FE0-32BE-4106-91E1-AA263F468D72}.Release|x64.Build.0 = Release|x64
		{2D306FE0-32BE-4106-91E1-AA263F468D72}.Release|x86.ActiveCfg = Release|Win32
		{2D306FE0-32BE-4106-91E1-AA263F468D72}.Release|x86.Build.0 = Release|Win32
	EndGlobalSection
	GlobalSection(SolutionProperties) = preSolution
		HideSolutionNode = FALSE
	EndGlobalSection
	GlobalSection(ExtensibilityGlobals) = postSolution
		SolutionGuid = {30BAC4F8-E2F4-44CC-B1BF-C46056E29F52}
	EndGlobalSection
EndGlobal
